{
  "pins" : [
    {
      "identity" : "mkzoomlevel",
      "kind" : "remoteSourceControl",
      "location" : "https://github.com/stleamist/MKZoomLevel.git",
      "state" : {
        "branch" : "main",
        "revision" : "747a37bd2edb30b6685df4069e7e4677c46f7712"
      }
    },
    {
      "identity" : "nanoid",
      "kind" : "remoteSourceControl",
      "location" : "https://github.com/ellliott/NanoID.git",
      "state" : {
        "branch" : "master",
        "revision" : "4458cf4e42d02fb0628faec39bd2214a3cfc49b1"
      }
    }
  ],
  "version" : 2
}
