// !$*UTF8*$!
{
	archiveVersion = 1;
	classes = {
	};
	objectVersion = 55;
	objects = {

/* Begin PBXBuildFile section */
		93D68F0A28402DAA00B158B3 /* AppDelegate.swift in Sources */ = {isa = PBXBuildFile; fileRef = 93D68F0928402DAA00B158B3 /* AppDelegate.swift */; };
		93D68F0C28402DAA00B158B3 /* SceneDelegate.swift in Sources */ = {isa = PBXBuildFile; fileRef = 93D68F0B28402DAA00B158B3 /* SceneDelegate.swift */; };
		93D68F0E28402DAA00B158B3 /* MapViewController.swift in Sources */ = {isa = PBXBuildFile; fileRef = 93D68F0D28402DAA00B158B3 /* MapViewController.swift */; };
		93D68F1128402DAA00B158B3 /* Main.storyboard in Resources */ = {isa = PBXBuildFile; fileRef = 93D68F0F28402DAA00B158B3 /* Main.storyboard */; };
		93D68F1428402DAA00B158B3 /* VirtualTourist_2.xcdatamodeld in Sources */ = {isa = PBXBuildFile; fileRef = 93D68F1228402DAA00B158B3 /* VirtualTourist_2.xcdatamodeld */; };
		93D68F1628402DAB00B158B3 /* Assets.xcassets in Resources */ = {isa = PBXBuildFile; fileRef = 93D68F1528402DAB00B158B3 /* Assets.xcassets */; };
		93D68F1928402DAB00B158B3 /* LaunchScreen.storyboard in Resources */ = {isa = PBXBuildFile; fileRef = 93D68F1728402DAB00B158B3 /* LaunchScreen.storyboard */; };
		93D68F23284031C900B158B3 /* MapViewController+MapViewDelegate.swift in Sources */ = {isa = PBXBuildFile; fileRef = 93D68F22284031C900B158B3 /* MapViewController+MapViewDelegate.swift */; };
		93D68F272840353D00B158B3 /* Keys.swift in Sources */ = {isa = PBXBuildFile; fileRef = 93D68F262840353D00B158B3 /* Keys.swift */; };
		93D68F2A28403BB100B158B3 /* MKZoomLevel in Frameworks */ = {isa = PBXBuildFile; productRef = 93D68F2928403BB100B158B3 /* MKZoomLevel */; };
		93D68F362840486600B158B3 /* Location+CoreDataClass.swift in Sources */ = {isa = PBXBuildFile; fileRef = 93D68F342840486600B158B3 /* Location+CoreDataClass.swift */; };
		93D68F372840486600B158B3 /* Location+CoreDataProperties.swift in Sources */ = {isa = PBXBuildFile; fileRef = 93D68F352840486600B158B3 /* Location+CoreDataProperties.swift */; };
/* End PBXBuildFile section */

/* Begin PBXFileReference section */
		93D68F0628402DAA00B158B3 /* VirtualTourist-2.app */ = {isa = PBXFileReference; explicitFileType = wrapper.application; includeInIndex = 0; path = "VirtualTourist-2.app"; sourceTree = BUILT_PRODUCTS_DIR; };
		93D68F0928402DAA00B158B3 /* AppDelegate.swift */ = {isa = PBXFileReference; lastKnownFileType = sourcecode.swift; path = AppDelegate.swift; sourceTree = "<group>"; };
		93D68F0B28402DAA00B158B3 /* SceneDelegate.swift */ = {isa = PBXFileReference; lastKnownFileType = sourcecode.swift; path = SceneDelegate.swift; sourceTree = "<group>"; };
		93D68F0D28402DAA00B158B3 /* MapViewController.swift */ = {isa = PBXFileReference; lastKnownFileType = sourcecode.swift; path = MapViewController.swift; sourceTree = "<group>"; };
		93D68F1028402DAA00B158B3 /* Base */ = {isa = PBXFileReference; lastKnownFileType = file.storyboard; name = Base; path = Base.lproj/Main.storyboard; sourceTree = "<group>"; };
		93D68F1328402DAA00B158B3 /* VirtualTourist_2.xcdatamodel */ = {isa = PBXFileReference; lastKnownFileType = wrapper.xcdatamodel; path = VirtualTourist_2.xcdatamodel; sourceTree = "<group>"; };
		93D68F1528402DAB00B158B3 /* Assets.xcassets */ = {isa = PBXFileReference; lastKnownFileType = folder.assetcatalog; path = Assets.xcassets; sourceTree = "<group>"; };
		93D68F1828402DAB00B158B3 /* Base */ = {isa = PBXFileReference; lastKnownFileType = file.storyboard; name = Base; path = Base.lproj/LaunchScreen.storyboard; sourceTree = "<group>"; };
		93D68F1A28402DAB00B158B3 /* Info.plist */ = {isa = PBXFileReference; lastKnownFileType = text.plist.xml; path = Info.plist; sourceTree = "<group>"; };
		93D68F22284031C900B158B3 /* MapViewController+MapViewDelegate.swift */ = {isa = PBXFileReference; lastKnownFileType = sourcecode.swift; path = "MapViewController+MapViewDelegate.swift"; sourceTree = "<group>"; };
		93D68F262840353D00B158B3 /* Keys.swift */ = {isa = PBXFileReference; lastKnownFileType = sourcecode.swift; path = Keys.swift; sourceTree = "<group>"; };
		93D68F342840486600B158B3 /* Location+CoreDataClass.swift */ = {isa = PBXFileReference; lastKnownFileType = sourcecode.swift; path = "Location+CoreDataClass.swift"; sourceTree = "<group>"; };
		93D68F352840486600B158B3 /* Location+CoreDataProperties.swift */ = {isa = PBXFileReference; lastKnownFileType = sourcecode.swift; path = "Location+CoreDataProperties.swift"; sourceTree = "<group>"; };
/* End PBXFileReference section */

/* Begin PBXFrameworksBuildPhase section */
		93D68F0328402DAA00B158B3 /* Frameworks */ = {
			isa = PBXFrameworksBuildPhase;
			buildActionMask = 2147483647;
			files = (
				93D68F2A28403BB100B158B3 /* MKZoomLevel in Frameworks */,
			);
			runOnlyForDeploymentPostprocessing = 0;
		};
/* End PBXFrameworksBuildPhase section */

/* Begin PBXGroup section */
		93D68EFD28402DAA00B158B3 = {
			isa = PBXGroup;
			children = (
				93D68F0828402DAA00B158B3 /* VirtualTourist-2 */,
				93D68F0728402DAA00B158B3 /* Products */,
			);
			sourceTree = "<group>";
		};
		93D68F0728402DAA00B158B3 /* Products */ = {
			isa = PBXGroup;
			children = (
				93D68F0628402DAA00B158B3 /* VirtualTourist-2.app */,
			);
			name = Products;
			sourceTree = "<group>";
		};
		93D68F0828402DAA00B158B3 /* VirtualTourist-2 */ = {
			isa = PBXGroup;
			children = (
				93D68F252840352400B158B3 /* Common */,
				93D68F0928402DAA00B158B3 /* AppDelegate.swift */,
				93D68F0B28402DAA00B158B3 /* SceneDelegate.swift */,
				93D68F202840300500B158B3 /* Controllers */,
				93D68F2B284044ED00B158B3 /* Views */,
				93D68F1528402DAB00B158B3 /* Assets.xcassets */,
				93D68F1A28402DAB00B158B3 /* Info.plist */,
				93D68F242840348A00B158B3 /* CoreData Model */,
			);
			path = "VirtualTourist-2";
			sourceTree = "<group>";
		};
		93D68F202840300500B158B3 /* Controllers */ = {
			isa = PBXGroup;
			children = (
				93D68F21284031AA00B158B3 /* MapViewController */,
			);
			path = Controllers;
			sourceTree = "<group>";
		};
		93D68F21284031AA00B158B3 /* MapViewController */ = {
			isa = PBXGroup;
			children = (
				93D68F0D28402DAA00B158B3 /* MapViewController.swift */,
				93D68F22284031C900B158B3 /* MapViewController+MapViewDelegate.swift */,
			);
			path = MapViewController;
			sourceTree = "<group>";
		};
		93D68F242840348A00B158B3 /* CoreData Model */ = {
			isa = PBXGroup;
			children = (
				93D68F342840486600B158B3 /* Location+CoreDataClass.swift */,
				93D68F352840486600B158B3 /* Location+CoreDataProperties.swift */,
				93D68F1228402DAA00B158B3 /* VirtualTourist_2.xcdatamodeld */,
			);
			path = "CoreData Model";
			sourceTree = "<group>";
		};
		93D68F252840352400B158B3 /* Common */ = {
			isa = PBXGroup;
			children = (
				93D68F262840353D00B158B3 /* Keys.swift */,
			);
			path = Common;
			sourceTree = "<group>";
		};
		93D68F2B284044ED00B158B3 /* Views */ = {
			isa = PBXGroup;
			children = (
				93D68F0F28402DAA00B158B3 /* Main.storyboard */,
				93D68F1728402DAB00B158B3 /* LaunchScreen.storyboard */,
			);
			path = Views;
			sourceTree = "<group>";
		};
/* End PBXGroup section */

/* Begin PBXNativeTarget section */
		93D68F0528402DAA00B158B3 /* VirtualTourist-2 */ = {
			isa = PBXNativeTarget;
			buildConfigurationList = 93D68F1D28402DAB00B158B3 /* Build configuration list for PBXNativeTarget "VirtualTourist-2" */;
			buildPhases = (
				93D68F0228402DAA00B158B3 /* Sources */,
				93D68F0328402DAA00B158B3 /* Frameworks */,
				93D68F0428402DAA00B158B3 /* Resources */,
			);
			buildRules = (
			);
			dependencies = (
			);
			name = "VirtualTourist-2";
			packageProductDependencies = (
				93D68F2928403BB100B158B3 /* MKZoomLevel */,
			);
			productName = "VirtualTourist-2";
			productReference = 93D68F0628402DAA00B158B3 /* VirtualTourist-2.app */;
			productType = "com.apple.product-type.application";
		};
/* End PBXNativeTarget section */

/* Begin PBXProject section */
		93D68EFE28402DAA00B158B3 /* Project object */ = {
			isa = PBXProject;
			attributes = {
				BuildIndependentTargetsInParallel = 1;
				LastSwiftUpdateCheck = 1330;
				LastUpgradeCheck = 1330;
				TargetAttributes = {
					93D68F0528402DAA00B158B3 = {
						CreatedOnToolsVersion = 13.3.1;
					};
				};
			};
			buildConfigurationList = 93D68F0128402DAA00B158B3 /* Build configuration list for PBXProject "VirtualTourist-2" */;
			compatibilityVersion = "Xcode 13.0";
			developmentRegion = en;
			hasScannedForEncodings = 0;
			knownRegions = (
				en,
				Base,
			);
			mainGroup = 93D68EFD28402DAA00B158B3;
			packageReferences = (
				93D68F2828403BB100B158B3 /* XCRemoteSwiftPackageReference "MKZoomLevel" */,
			);
			productRefGroup = 93D68F0728402DAA00B158B3 /* Products */;
			projectDirPath = "";
			projectRoot = "";
			targets = (
				93D68F0528402DAA00B158B3 /* VirtualTourist-2 */,
			);
		};
/* End PBXProject section */

/* Begin PBXResourcesBuildPhase section */
		93D68F0428402DAA00B158B3 /* Resources */ = {
			isa = PBXResourcesBuildPhase;
			buildActionMask = 2147483647;
			files = (
				93D68F1928402DAB00B158B3 /* LaunchScreen.storyboard in Resources */,
				93D68F1628402DAB00B158B3 /* Assets.xcassets in Resources */,
				93D68F1128402DAA00B158B3 /* Main.storyboard in Resources */,
			);
			runOnlyForDeploymentPostprocessing = 0;
		};
/* End PBXResourcesBuildPhase section */

/* Begin PBXSourcesBuildPhase section */
		93D68F0228402DAA00B158B3 /* Sources */ = {
			isa = PBXSourcesBuildPhase;
			buildActionMask = 2147483647;
			files = (
				93D68F372840486600B158B3 /* Location+CoreDataProperties.swift in Sources */,
				93D68F362840486600B158B3 /* Location+CoreDataClass.swift in Sources */,
				93D68F0E28402DAA00B158B3 /* MapViewController.swift in Sources */,
				93D68F272840353D00B158B3 /* Keys.swift in Sources */,
				93D68F23284031C900B158B3 /* MapViewController+MapViewDelegate.swift in Sources */,
				93D68F0A28402DAA00B158B3 /* AppDelegate.swift in Sources */,
				93D68F0C28402DAA00B158B3 /* SceneDelegate.swift in Sources */,
				93D68F1428402DAA00B158B3 /* VirtualTourist_2.xcdatamodeld in Sources */,
			);
			runOnlyForDeploymentPostprocessing = 0;
		};
/* End PBXSourcesBuildPhase section */

/* Begin PBXVariantGroup section */
		93D68F0F28402DAA00B158B3 /* Main.storyboard */ = {
			isa = PBXVariantGroup;
			children = (
				93D68F1028402DAA00B158B3 /* Base */,
			);
			name = Main.storyboard;
			sourceTree = "<group>";
		};
		93D68F1728402DAB00B158B3 /* LaunchScreen.storyboard */ = {
			isa = PBXVariantGroup;
			children = (
				93D68F1828402DAB00B158B3 /* Base */,
			);
			name = LaunchScreen.storyboard;
			sourceTree = "<group>";
		};
/* End PBXVariantGroup section */

/* Begin XCBuildConfiguration section */
		93D68F1B28402DAB00B158B3 /* Debug */ = {
			isa = XCBuildConfiguration;
			buildSettings = {
				ALWAYS_SEARCH_USER_PATHS = NO;
				CLANG_ANALYZER_NONNULL = YES;
				CLANG_ANALYZER_NUMBER_OBJECT_CONVERSION = YES_AGGRESSIVE;
				CLANG_CXX_LANGUAGE_STANDARD = "gnu++17";
				CLANG_ENABLE_MODULES = YES;
				CLANG_ENABLE_OBJC_ARC = YES;
				CLANG_ENABLE_OBJC_WEAK = YES;
				CLANG_WARN_BLOCK_CAPTURE_AUTORELEASING = YES;
				CLANG_WARN_BOOL_CONVERSION = YES;
				CLANG_WARN_COMMA = YES;
				CLANG_WARN_CONSTANT_CONVERSION = YES;
				CLANG_WARN_DEPRECATED_OBJC_IMPLEMENTATIONS = YES;
				CLANG_WARN_DIRECT_OBJC_ISA_USAGE = YES_ERROR;
				CLANG_WARN_DOCUMENTATION_COMMENTS = YES;
				CLANG_WARN_EMPTY_BODY = YES;
				CLANG_WARN_ENUM_CONVERSION = YES;
				CLANG_WARN_INFINITE_RECURSION = YES;
				CLANG_WARN_INT_CONVERSION = YES;
				CLANG_WARN_NON_LITERAL_NULL_CONVERSION = YES;
				CLANG_WARN_OBJC_IMPLICIT_RETAIN_SELF = YES;
				CLANG_WARN_OBJC_LITERAL_CONVERSION = YES;
				CLANG_WARN_OBJC_ROOT_CLASS = YES_ERROR;
				CLANG_WARN_QUOTED_INCLUDE_IN_FRAMEWORK_HEADER = YES;
				CLANG_WARN_RANGE_LOOP_ANALYSIS = YES;
				CLANG_WARN_STRICT_PROTOTYPES = YES;
				CLANG_WARN_SUSPICIOUS_MOVE = YES;
				CLANG_WARN_UNGUARDED_AVAILABILITY = YES_AGGRESSIVE;
				CLANG_WARN_UNREACHABLE_CODE = YES;
				CLANG_WARN__DUPLICATE_METHOD_MATCH = YES;
				COPY_PHASE_STRIP = NO;
				DEBUG_INFORMATION_FORMAT = dwarf;
				ENABLE_STRICT_OBJC_MSGSEND = YES;
				ENABLE_TESTABILITY = YES;
				GCC_C_LANGUAGE_STANDARD = gnu11;
				GCC_DYNAMIC_NO_PIC = NO;
				GCC_NO_COMMON_BLOCKS = YES;
				GCC_OPTIMIZATION_LEVEL = 0;
				GCC_PREPROCESSOR_DEFINITIONS = (
					"DEBUG=1",
					"$(inherited)",
				);
				GCC_WARN_64_TO_32_BIT_CONVERSION = YES;
				GCC_WARN_ABOUT_RETURN_TYPE = YES_ERROR;
				GCC_WARN_UNDECLARED_SELECTOR = YES;
				GCC_WARN_UNINITIALIZED_AUTOS = YES_AGGRESSIVE;
				GCC_WARN_UNUSED_FUNCTION = YES;
				GCC_WARN_UNUSED_VARIABLE = YES;
				IPHONEOS_DEPLOYMENT_TARGET = 15.4;
				MTL_ENABLE_DEBUG_INFO = INCLUDE_SOURCE;
				MTL_FAST_MATH = YES;
				ONLY_ACTIVE_ARCH = YES;
				SDKROOT = iphoneos;
				SWIFT_ACTIVE_COMPILATION_CONDITIONS = DEBUG;
				SWIFT_OPTIMIZATION_LEVEL = "-Onone";
			};
			name = Debug;
		};
		93D68F1C28402DAB00B158B3 /* Release */ = {
			isa = XCBuildConfiguration;
			buildSettings = {
				ALWAYS_SEARCH_USER_PATHS = NO;
				CLANG_ANALYZER_NONNULL = YES;
				CLANG_ANALYZER_NUMBER_OBJECT_CONVERSION = YES_AGGRESSIVE;
				CLANG_CXX_LANGUAGE_STANDARD = "gnu++17";
				CLANG_ENABLE_MODULES = YES;
				CLANG_ENABLE_OBJC_ARC = YES;
				CLANG_ENABLE_OBJC_WEAK = YES;
				CLANG_WARN_BLOCK_CAPTURE_AUTORELEASING = YES;
				CLANG_WARN_BOOL_CONVERSION = YES;
				CLANG_WARN_COMMA = YES;
				CLANG_WARN_CONSTANT_CONVERSION = YES;
				CLANG_WARN_DEPRECATED_OBJC_IMPLEMENTATIONS = YES;
				CLANG_WARN_DIRECT_OBJC_ISA_USAGE = YES_ERROR;
				CLANG_WARN_DOCUMENTATION_COMMENTS = YES;
				CLANG_WARN_EMPTY_BODY = YES;
				CLANG_WARN_ENUM_CONVERSION = YES;
				CLANG_WARN_INFINITE_RECURSION = YES;
				CLANG_WARN_INT_CONVERSION = YES;
				CLANG_WARN_NON_LITERAL_NULL_CONVERSION = YES;
				CLANG_WARN_OBJC_IMPLICIT_RETAIN_SELF = YES;
				CLANG_WARN_OBJC_LITERAL_CONVERSION = YES;
				CLANG_WARN_OBJC_ROOT_CLASS = YES_ERROR;
				CLANG_WARN_QUOTED_INCLUDE_IN_FRAMEWORK_HEADER = YES;
				CLANG_WARN_RANGE_LOOP_ANALYSIS = YES;
				CLANG_WARN_STRICT_PROTOTYPES = YES;
				CLANG_WARN_SUSPICIOUS_MOVE = YES;
				CLANG_WARN_UNGUARDED_AVAILABILITY = YES_AGGRESSIVE;
				CLANG_WARN_UNREACHABLE_CODE = YES;
				CLANG_WARN__DUPLICATE_METHOD_MATCH = YES;
				COPY_PHASE_STRIP = NO;
				DEBUG_INFORMATION_FORMAT = "dwarf-with-dsym";
				ENABLE_NS_ASSERTIONS = NO;
				ENABLE_STRICT_OBJC_MSGSEND = YES;
				GCC_C_LANGUAGE_STANDARD = gnu11;
				GCC_NO_COMMON_BLOCKS = YES;
				GCC_WARN_64_TO_32_BIT_CONVERSION = YES;
				GCC_WARN_ABOUT_RETURN_TYPE = YES_ERROR;
				GCC_WARN_UNDECLARED_SELECTOR = YES;
				GCC_WARN_UNINITIALIZED_AUTOS = YES_AGGRESSIVE;
				GCC_WARN_UNUSED_FUNCTION = YES;
				GCC_WARN_UNUSED_VARIABLE = YES;
				IPHONEOS_DEPLOYMENT_TARGET = 15.4;
				MTL_ENABLE_DEBUG_INFO = NO;
				MTL_FAST_MATH = YES;
				SDKROOT = iphoneos;
				SWIFT_COMPILATION_MODE = wholemodule;
				SWIFT_OPTIMIZATION_LEVEL = "-O";
				VALIDATE_PRODUCT = YES;
			};
			name = Release;
		};
		93D68F1E28402DAB00B158B3 /* Debug */ = {
			isa = XCBuildConfiguration;
			buildSettings = {
				ASSETCATALOG_COMPILER_APPICON_NAME = AppIcon;
				ASSETCATALOG_COMPILER_GLOBAL_ACCENT_COLOR_NAME = AccentColor;
				CODE_SIGN_STYLE = Automatic;
				CURRENT_PROJECT_VERSION = 1;
				GENERATE_INFOPLIST_FILE = YES;
				INFOPLIST_FILE = "VirtualTourist-2/Info.plist";
				INFOPLIST_KEY_UIApplicationSupportsIndirectInputEvents = YES;
				INFOPLIST_KEY_UILaunchStoryboardName = LaunchScreen;
				INFOPLIST_KEY_UIMainStoryboardFile = Main;
				INFOPLIST_KEY_UISupportedInterfaceOrientations_iPad = "UIInterfaceOrientationPortrait UIInterfaceOrientationPortraitUpsideDown UIInterfaceOrientationLandscapeLeft UIInterfaceOrientationLandscapeRight";
				INFOPLIST_KEY_UISupportedInterfaceOrientations_iPhone = "UIInterfaceOrientationPortrait UIInterfaceOrientationLandscapeLeft UIInterfaceOrientationLandscapeRight";
				LD_RUNPATH_SEARCH_PATHS = (
					"$(inherited)",
					"@executable_path/Frameworks",
				);
				MARKETING_VERSION = 1.0;
				PRODUCT_BUNDLE_IDENTIFIER = "com.pickla.VirtualTourist-2";
				PRODUCT_NAME = "$(TARGET_NAME)";
				SWIFT_EMIT_LOC_STRINGS = YES;
				SWIFT_VERSION = 5.0;
				TARGETED_DEVICE_FAMILY = "1,2";
			};
			name = Debug;
		};
		93D68F1F28402DAB00B158B3 /* Release */ = {
			isa = XCBuildConfiguration;
			buildSettings = {
				ASSETCATALOG_COMPILER_APPICON_NAME = AppIcon;
				ASSETCATALOG_COMPILER_GLOBAL_ACCENT_COLOR_NAME = AccentColor;
				CODE_SIGN_STYLE = Automatic;
				CURRENT_PROJECT_VERSION = 1;
				GENERATE_INFOPLIST_FILE = YES;
				INFOPLIST_FILE = "VirtualTourist-2/Info.plist";
				INFOPLIST_KEY_UIApplicationSupportsIndirectInputEvents = YES;
				INFOPLIST_KEY_UILaunchStoryboardName = LaunchScreen;
				INFOPLIST_KEY_UIMainStoryboardFile = Main;
				INFOPLIST_KEY_UISupportedInterfaceOrientations_iPad = "UIInterfaceOrientationPortrait UIInterfaceOrientationPortraitUpsideDown UIInterfaceOrientationLandscapeLeft UIInterfaceOrientationLandscapeRight";
				INFOPLIST_KEY_UISupportedInterfaceOrientations_iPhone = "UIInterfaceOrientationPortrait UIInterfaceOrientationLandscapeLeft UIInterfaceOrientationLandscapeRight";
				LD_RUNPATH_SEARCH_PATHS = (
					"$(inherited)",
					"@executable_path/Frameworks",
				);
				MARKETING_VERSION = 1.0;
				PRODUCT_BUNDLE_IDENTIFIER = "com.pickla.VirtualTourist-2";
				PRODUCT_NAME = "$(TARGET_NAME)";
				SWIFT_EMIT_LOC_STRINGS = YES;
				SWIFT_VERSION = 5.0;
				TARGETED_DEVICE_FAMILY = "1,2";
			};
			name = Release;
		};
/* End XCBuildConfiguration section */

/* Begin XCConfigurationList section */
		93D68F0128402DAA00B158B3 /* Build configuration list for PBXProject "VirtualTourist-2" */ = {
			isa = XCConfigurationList;
			buildConfigurations = (
				93D68F1B28402DAB00B158B3 /* Debug */,
				93D68F1C28402DAB00B158B3 /* Release */,
			);
			defaultConfigurationIsVisible = 0;
			defaultConfigurationName = Release;
		};
		93D68F1D28402DAB00B158B3 /* Build configuration list for PBXNativeTarget "VirtualTourist-2" */ = {
			isa = XCConfigurationList;
			buildConfigurations = (
				93D68F1E28402DAB00B158B3 /* Debug */,
				93D68F1F28402DAB00B158B3 /* Release */,
			);
			defaultConfigurationIsVisible = 0;
			defaultConfigurationName = Release;
		};
/* End XCConfigurationList section */

/* Begin XCRemoteSwiftPackageReference section */
		93D68F2828403BB100B158B3 /* XCRemoteSwiftPackageReference "MKZoomLevel" */ = {
			isa = XCRemoteSwiftPackageReference;
			repositoryURL = "https://github.com/stleamist/MKZoomLevel.git";
			requirement = {
				branch = main;
				kind = branch;
			};
		};
/* End XCRemoteSwiftPackageReference section */

/* Begin XCSwiftPackageProductDependency section */
		93D68F2928403BB100B158B3 /* MKZoomLevel */ = {
			isa = XCSwiftPackageProductDependency;
			package = 93D68F2828403BB100B158B3 /* XCRemoteSwiftPackageReference "MKZoomLevel" */;
			productName = MKZoomLevel;
		};
/* End XCSwiftPackageProductDependency section */

/* Begin XCVersionGroup section */
		93D68F1228402DAA00B158B3 /* VirtualTourist_2.xcdatamodeld */ = {
			isa = XCVersionGroup;
			children = (
				93D68F1328402DAA00B158B3 /* VirtualTourist_2.xcdatamodel */,
			);
			currentVersion = 93D68F1328402DAA00B158B3 /* VirtualTourist_2.xcdatamodel */;
			path = VirtualTourist_2.xcdatamodeld;
			sourceTree = "<group>";
			versionGroupType = wrapper.xcdatamodel;
		};
/* End XCVersionGroup section */
	};
	rootObject = 93D68EFE28402DAA00B158B3 /* Project object */;
}
