// !$*UTF8*$!
{
	archiveVersion = 1;
	classes = {
	};
	objectVersion = 55;
	objects = {

/* Begin PBXBuildFile section */
		93D68F0A28402DAA00B158B3 /* AppDelegate.swift in Sources */ = {isa = PBXBuildFile; fileRef = 93D68F0928402DAA00B158B3 /* AppDelegate.swift */; };
		93D68F0C28402DAA00B158B3 /* SceneDelegate.swift in Sources */ = {isa = PBXBuildFile; fileRef = 93D68F0B28402DAA00B158B3 /* SceneDelegate.swift */; };
		93D68F0E28402DAA00B158B3 /* MapViewController.swift in Sources */ = {isa = PBXBuildFile; fileRef = 93D68F0D28402DAA00B158B3 /* MapViewController.swift */; };
		93D68F1128402DAA00B158B3 /* Main.storyboard in Resources */ = {isa = PBXBuildFile; fileRef = 93D68F0F28402DAA00B158B3 /* Main.storyboard */; };
		93D68F1428402DAA00B158B3 /* VirtualTourist_2.xcdatamodeld in Sources */ = {isa = PBXBuildFile; fileRef = 93D68F1228402DAA00B158B3 /* VirtualTourist_2.xcdatamodeld */; };
		93D68F1628402DAB00B158B3 /* Assets.xcassets in Resources */ = {isa = PBXBuildFile; fileRef = 93D68F1528402DAB00B158B3 /* Assets.xcassets */; };
		93D68F1928402DAB00B158B3 /* LaunchScreen.storyboard in Resources */ = {isa = PBXBuildFile; fileRef = 93D68F1728402DAB00B158B3 /* LaunchScreen.storyboard */; };
		93D68F23284031C900B158B3 /* MapViewController+MapViewDelegate.swift in Sources */ = {isa = PBXBuildFile; fileRef = 93D68F22284031C900B158B3 /* MapViewController+MapViewDelegate.swift */; };
		93D68F272840353D00B158B3 /* Keys.swift in Sources */ = {isa = PBXBuildFile; fileRef = 93D68F262840353D00B158B3 /* Keys.swift */; };
		93D68F2A28403BB100B158B3 /* MKZoomLevel in Frameworks */ = {isa = PBXBuildFile; productRef = 93D68F2928403BB100B158B3 /* MKZoomLevel */; };
		93D68F362840486600B158B3 /* Location+CoreDataClass.swift in Sources */ = {isa = PBXBuildFile; fileRef = 93D68F342840486600B158B3 /* Location+CoreDataClass.swift */; };
		93D68F372840486600B158B3 /* Location+CoreDataProperties.swift in Sources */ = {isa = PBXBuildFile; fileRef = 93D68F352840486600B158B3 /* Location+CoreDataProperties.swift */; };
		93D68F39284048FF00B158B3 /* MapViewController+Gestures.swift in Sources */ = {isa = PBXBuildFile; fileRef = 93D68F38284048FF00B158B3 /* MapViewController+Gestures.swift */; };
		93D68F3B2840495F00B158B3 /* MapViewController+ViewModel.swift in Sources */ = {isa = PBXBuildFile; fileRef = 93D68F3A2840495F00B158B3 /* MapViewController+ViewModel.swift */; };
		93D68F3E284049BE00B158B3 /* NanoID in Frameworks */ = {isa = PBXBuildFile; productRef = 93D68F3D284049BE00B158B3 /* NanoID */; };
		93D68F41284049FC00B158B3 /* DataController.swift in Sources */ = {isa = PBXBuildFile; fileRef = 93D68F40284049FC00B158B3 /* DataController.swift */; };
		93D68F4428404A7700B158B3 /* ShowError.swift in Sources */ = {isa = PBXBuildFile; fileRef = 93D68F4328404A7700B158B3 /* ShowError.swift */; };
		93D68F4728404B7C00B158B3 /* AnnotationWithLocation.swift in Sources */ = {isa = PBXBuildFile; fileRef = 93D68F4628404B7C00B158B3 /* AnnotationWithLocation.swift */; };
		93D68F492840C4BA00B158B3 /* MapViewController+CoreData+Notifications.swift in Sources */ = {isa = PBXBuildFile; fileRef = 93D68F482840C4BA00B158B3 /* MapViewController+CoreData+Notifications.swift */; };
		93D68F4C2840C5B000B158B3 /* PhotoAlbumViewController.swift in Sources */ = {isa = PBXBuildFile; fileRef = 93D68F4B2840C5B000B158B3 /* PhotoAlbumViewController.swift */; };
		93D68F4E2840C6AE00B158B3 /* MapViewController+Utilities.swift in Sources */ = {isa = PBXBuildFile; fileRef = 93D68F4D2840C6AE00B158B3 /* MapViewController+Utilities.swift */; };
		93D68F502840CB7800B158B3 /* restore-map.swift in Sources */ = {isa = PBXBuildFile; fileRef = 93D68F4F2840CB7800B158B3 /* restore-map.swift */; };
		93D68F5A2840D6C600B158B3 /* FlickrConfig.swift in Sources */ = {isa = PBXBuildFile; fileRef = 93D68F552840D6C600B158B3 /* FlickrConfig.swift */; };
		93D68F5B2840D6C600B158B3 /* SearchResponse.swift in Sources */ = {isa = PBXBuildFile; fileRef = 93D68F562840D6C600B158B3 /* SearchResponse.swift */; };
		93D68F5C2840D6C600B158B3 /* GetInfoRespone.swift in Sources */ = {isa = PBXBuildFile; fileRef = 93D68F572840D6C600B158B3 /* GetInfoRespone.swift */; };
		93D68F5D2840D6C600B158B3 /* FetchImage.swift in Sources */ = {isa = PBXBuildFile; fileRef = 93D68F582840D6C600B158B3 /* FetchImage.swift */; };
		93D68F5E2840D6C600B158B3 /* Search.swift in Sources */ = {isa = PBXBuildFile; fileRef = 93D68F592840D6C600B158B3 /* Search.swift */; };
		93D68F602840D71700B158B3 /* PhotoAlbumViewController+Load.swift in Sources */ = {isa = PBXBuildFile; fileRef = 93D68F5F2840D71700B158B3 /* PhotoAlbumViewController+Load.swift */; };
		93D68F622840DD2D00B158B3 /* Photos.swift in Sources */ = {isa = PBXBuildFile; fileRef = 93D68F612840DD2D00B158B3 /* Photos.swift */; };
		93D68F642840E07E00B158B3 /* PhotoAlbumViewController+CollectionView.swift in Sources */ = {isa = PBXBuildFile; fileRef = 93D68F632840E07E00B158B3 /* PhotoAlbumViewController+CollectionView.swift */; };
		93D68F692840F55500B158B3 /* PhotoAlbumCollectionViewCell.swift in Sources */ = {isa = PBXBuildFile; fileRef = 93D68F672840F55500B158B3 /* PhotoAlbumCollectionViewCell.swift */; };
		93D68F6A2840F55500B158B3 /* PhotoAlbumCollectionViewCell.xib in Resources */ = {isa = PBXBuildFile; fileRef = 93D68F682840F55500B158B3 /* PhotoAlbumCollectionViewCell.xib */; };
		93D68F6D2840FDD800B158B3 /* PhotoDownload.swift in Sources */ = {isa = PBXBuildFile; fileRef = 93D68F6C2840FDD800B158B3 /* PhotoDownload.swift */; };
		93D68F6F28410D7F00B158B3 /* Constants.swift in Sources */ = {isa = PBXBuildFile; fileRef = 93D68F6E28410D7F00B158B3 /* Constants.swift */; };
		93D68F7128410DF300B158B3 /* CropImage.swift in Sources */ = {isa = PBXBuildFile; fileRef = 93D68F7028410DF300B158B3 /* CropImage.swift */; };
		93D68F7A284236E000B158B3 /* Card+CoreDataClass.swift in Sources */ = {isa = PBXBuildFile; fileRef = 93D68F76284236E000B158B3 /* Card+CoreDataClass.swift */; };
		93D68F7B284236E000B158B3 /* Card+CoreDataProperties.swift in Sources */ = {isa = PBXBuildFile; fileRef = 93D68F77284236E000B158B3 /* Card+CoreDataProperties.swift */; };
/* End PBXBuildFile section */

/* Begin PBXFileReference section */
		93D68F0628402DAA00B158B3 /* VirtualTourist-2.app */ = {isa = PBXFileReference; explicitFileType = wrapper.application; includeInIndex = 0; path = "VirtualTourist-2.app"; sourceTree = BUILT_PRODUCTS_DIR; };
		93D68F0928402DAA00B158B3 /* AppDelegate.swift */ = {isa = PBXFileReference; lastKnownFileType = sourcecode.swift; path = AppDelegate.swift; sourceTree = "<group>"; };
		93D68F0B28402DAA00B158B3 /* SceneDelegate.swift */ = {isa = PBXFileReference; lastKnownFileType = sourcecode.swift; path = SceneDelegate.swift; sourceTree = "<group>"; };
		93D68F0D28402DAA00B158B3 /* MapViewController.swift */ = {isa = PBXFileReference; lastKnownFileType = sourcecode.swift; path = MapViewController.swift; sourceTree = "<group>"; };
		93D68F1028402DAA00B158B3 /* Base */ = {isa = PBXFileReference; lastKnownFileType = file.storyboard; name = Base; path = Base.lproj/Main.storyboard; sourceTree = "<group>"; };
		93D68F1328402DAA00B158B3 /* VirtualTourist_2.xcdatamodel */ = {isa = PBXFileReference; lastKnownFileType = wrapper.xcdatamodel; path = VirtualTourist_2.xcdatamodel; sourceTree = "<group>"; };
		93D68F1528402DAB00B158B3 /* Assets.xcassets */ = {isa = PBXFileReference; lastKnownFileType = folder.assetcatalog; path = Assets.xcassets; sourceTree = "<group>"; };
		93D68F1828402DAB00B158B3 /* Base */ = {isa = PBXFileReference; lastKnownFileType = file.storyboard; name = Base; path = Base.lproj/LaunchScreen.storyboard; sourceTree = "<group>"; };
		93D68F1A28402DAB00B158B3 /* Info.plist */ = {isa = PBXFileReference; lastKnownFileType = text.plist.xml; path = Info.plist; sourceTree = "<group>"; };
		93D68F22284031C900B158B3 /* MapViewController+MapViewDelegate.swift */ = {isa = PBXFileReference; lastKnownFileType = sourcecode.swift; path = "MapViewController+MapViewDelegate.swift"; sourceTree = "<group>"; };
		93D68F262840353D00B158B3 /* Keys.swift */ = {isa = PBXFileReference; lastKnownFileType = sourcecode.swift; path = Keys.swift; sourceTree = "<group>"; };
		93D68F342840486600B158B3 /* Location+CoreDataClass.swift */ = {isa = PBXFileReference; lastKnownFileType = sourcecode.swift; path = "Location+CoreDataClass.swift"; sourceTree = "<group>"; };
		93D68F352840486600B158B3 /* Location+CoreDataProperties.swift */ = {isa = PBXFileReference; lastKnownFileType = sourcecode.swift; path = "Location+CoreDataProperties.swift"; sourceTree = "<group>"; };
		93D68F38284048FF00B158B3 /* MapViewController+Gestures.swift */ = {isa = PBXFileReference; lastKnownFileType = sourcecode.swift; path = "MapViewController+Gestures.swift"; sourceTree = "<group>"; };
		93D68F3A2840495F00B158B3 /* MapViewController+ViewModel.swift */ = {isa = PBXFileReference; lastKnownFileType = sourcecode.swift; path = "MapViewController+ViewModel.swift"; sourceTree = "<group>"; };
		93D68F40284049FC00B158B3 /* DataController.swift */ = {isa = PBXFileReference; fileEncoding = 4; lastKnownFileType = sourcecode.swift; path = DataController.swift; sourceTree = "<group>"; };
		93D68F4328404A7700B158B3 /* ShowError.swift */ = {isa = PBXFileReference; fileEncoding = 4; lastKnownFileType = sourcecode.swift; path = ShowError.swift; sourceTree = "<group>"; };
		93D68F4628404B7C00B158B3 /* AnnotationWithLocation.swift */ = {isa = PBXFileReference; fileEncoding = 4; lastKnownFileType = sourcecode.swift; path = AnnotationWithLocation.swift; sourceTree = "<group>"; };
		93D68F482840C4BA00B158B3 /* MapViewController+CoreData+Notifications.swift */ = {isa = PBXFileReference; fileEncoding = 4; lastKnownFileType = sourcecode.swift; path = "MapViewController+CoreData+Notifications.swift"; sourceTree = "<group>"; };
		93D68F4B2840C5B000B158B3 /* PhotoAlbumViewController.swift */ = {isa = PBXFileReference; lastKnownFileType = sourcecode.swift; path = PhotoAlbumViewController.swift; sourceTree = "<group>"; };
		93D68F4D2840C6AE00B158B3 /* MapViewController+Utilities.swift */ = {isa = PBXFileReference; fileEncoding = 4; lastKnownFileType = sourcecode.swift; path = "MapViewController+Utilities.swift"; sourceTree = "<group>"; };
		93D68F4F2840CB7800B158B3 /* restore-map.swift */ = {isa = PBXFileReference; lastKnownFileType = sourcecode.swift; path = "restore-map.swift"; sourceTree = "<group>"; };
		93D68F552840D6C600B158B3 /* FlickrConfig.swift */ = {isa = PBXFileReference; fileEncoding = 4; lastKnownFileType = sourcecode.swift; path = FlickrConfig.swift; sourceTree = "<group>"; };
		93D68F562840D6C600B158B3 /* SearchResponse.swift */ = {isa = PBXFileReference; fileEncoding = 4; lastKnownFileType = sourcecode.swift; path = SearchResponse.swift; sourceTree = "<group>"; };
		93D68F572840D6C600B158B3 /* GetInfoRespone.swift */ = {isa = PBXFileReference; fileEncoding = 4; lastKnownFileType = sourcecode.swift; path = GetInfoRespone.swift; sourceTree = "<group>"; };
		93D68F582840D6C600B158B3 /* FetchImage.swift */ = {isa = PBXFileReference; fileEncoding = 4; lastKnownFileType = sourcecode.swift; path = FetchImage.swift; sourceTree = "<group>"; };
		93D68F592840D6C600B158B3 /* Search.swift */ = {isa = PBXFileReference; fileEncoding = 4; lastKnownFileType = sourcecode.swift; path = Search.swift; sourceTree = "<group>"; };
		93D68F5F2840D71700B158B3 /* PhotoAlbumViewController+Load.swift */ = {isa = PBXFileReference; lastKnownFileType = sourcecode.swift; path = "PhotoAlbumViewController+Load.swift"; sourceTree = "<group>"; };
		93D68F612840DD2D00B158B3 /* Photos.swift */ = {isa = PBXFileReference; lastKnownFileType = sourcecode.swift; path = Photos.swift; sourceTree = "<group>"; };
		93D68F632840E07E00B158B3 /* PhotoAlbumViewController+CollectionView.swift */ = {isa = PBXFileReference; lastKnownFileType = sourcecode.swift; path = "PhotoAlbumViewController+CollectionView.swift"; sourceTree = "<group>"; };
		93D68F672840F55500B158B3 /* PhotoAlbumCollectionViewCell.swift */ = {isa = PBXFileReference; lastKnownFileType = sourcecode.swift; path = PhotoAlbumCollectionViewCell.swift; sourceTree = "<group>"; };
		93D68F682840F55500B158B3 /* PhotoAlbumCollectionViewCell.xib */ = {isa = PBXFileReference; lastKnownFileType = file.xib; path = PhotoAlbumCollectionViewCell.xib; sourceTree = "<group>"; };
		93D68F6C2840FDD800B158B3 /* PhotoDownload.swift */ = {isa = PBXFileReference; lastKnownFileType = sourcecode.swift; path = PhotoDownload.swift; sourceTree = "<group>"; };
		93D68F6E28410D7F00B158B3 /* Constants.swift */ = {isa = PBXFileReference; lastKnownFileType = sourcecode.swift; path = Constants.swift; sourceTree = "<group>"; };
		93D68F7028410DF300B158B3 /* CropImage.swift */ = {isa = PBXFileReference; lastKnownFileType = sourcecode.swift; path = CropImage.swift; sourceTree = "<group>"; };
		93D68F76284236E000B158B3 /* Card+CoreDataClass.swift */ = {isa = PBXFileReference; lastKnownFileType = sourcecode.swift; path = "Card+CoreDataClass.swift"; sourceTree = "<group>"; };
		93D68F77284236E000B158B3 /* Card+CoreDataProperties.swift */ = {isa = PBXFileReference; lastKnownFileType = sourcecode.swift; path = "Card+CoreDataProperties.swift"; sourceTree = "<group>"; };
/* End PBXFileReference section */

/* Begin PBXFrameworksBuildPhase section */
		93D68F0328402DAA00B158B3 /* Frameworks */ = {
			isa = PBXFrameworksBuildPhase;
			buildActionMask = 2147483647;
			files = (
				93D68F2A28403BB100B158B3 /* MKZoomLevel in Frameworks */,
				93D68F3E284049BE00B158B3 /* NanoID in Frameworks */,
			);
			runOnlyForDeploymentPostprocessing = 0;
		};
/* End PBXFrameworksBuildPhase section */

/* Begin PBXGroup section */
		93D68EFD28402DAA00B158B3 = {
			isa = PBXGroup;
			children = (
				93D68F0828402DAA00B158B3 /* VirtualTourist-2 */,
				93D68F0728402DAA00B158B3 /* Products */,
			);
			sourceTree = "<group>";
		};
		93D68F0728402DAA00B158B3 /* Products */ = {
			isa = PBXGroup;
			children = (
				93D68F0628402DAA00B158B3 /* VirtualTourist-2.app */,
			);
			name = Products;
			sourceTree = "<group>";
		};
		93D68F0828402DAA00B158B3 /* VirtualTourist-2 */ = {
			isa = PBXGroup;
			children = (
				93D68F532840D69600B158B3 /* Networking */,
				93D68F4528404B7200B158B3 /* Classes */,
				93D68F4228404A5E00B158B3 /* Util */,
				93D68F3F284049E500B158B3 /* Model */,
				93D68F252840352400B158B3 /* Common */,
				93D68F0928402DAA00B158B3 /* AppDelegate.swift */,
				93D68F0B28402DAA00B158B3 /* SceneDelegate.swift */,
				93D68F202840300500B158B3 /* Controllers */,
				93D68F2B284044ED00B158B3 /* Views */,
				93D68F1528402DAB00B158B3 /* Assets.xcassets */,
				93D68F1A28402DAB00B158B3 /* Info.plist */,
				93D68F242840348A00B158B3 /* CoreData Model */,
			);
			path = "VirtualTourist-2";
			sourceTree = "<group>";
		};
		93D68F202840300500B158B3 /* Controllers */ = {
			isa = PBXGroup;
			children = (
				93D68F4A2840C58500B158B3 /* PhotoAlbumViewController */,
				93D68F21284031AA00B158B3 /* MapViewController */,
			);
			path = Controllers;
			sourceTree = "<group>";
		};
		93D68F21284031AA00B158B3 /* MapViewController */ = {
			isa = PBXGroup;
			children = (
				93D68F0D28402DAA00B158B3 /* MapViewController.swift */,
				93D68F4D2840C6AE00B158B3 /* MapViewController+Utilities.swift */,
				93D68F22284031C900B158B3 /* MapViewController+MapViewDelegate.swift */,
				93D68F38284048FF00B158B3 /* MapViewController+Gestures.swift */,
				93D68F3A2840495F00B158B3 /* MapViewController+ViewModel.swift */,
				93D68F482840C4BA00B158B3 /* MapViewController+CoreData+Notifications.swift */,
			);
			path = MapViewController;
			sourceTree = "<group>";
		};
		93D68F242840348A00B158B3 /* CoreData Model */ = {
			isa = PBXGroup;
			children = (
				93D68F72284235B500B158B3 /* Entities */,
				93D68F1228402DAA00B158B3 /* VirtualTourist_2.xcdatamodeld */,
			);
			path = "CoreData Model";
			sourceTree = "<group>";
		};
		93D68F252840352400B158B3 /* Common */ = {
			isa = PBXGroup;
			children = (
				93D68F262840353D00B158B3 /* Keys.swift */,
				93D68F6E28410D7F00B158B3 /* Constants.swift */,
			);
			path = Common;
			sourceTree = "<group>";
		};
		93D68F2B284044ED00B158B3 /* Views */ = {
			isa = PBXGroup;
			children = (
				93D68F0F28402DAA00B158B3 /* Main.storyboard */,
				93D68F1728402DAB00B158B3 /* LaunchScreen.storyboard */,
			);
			path = Views;
			sourceTree = "<group>";
		};
		93D68F3F284049E500B158B3 /* Model */ = {
			isa = PBXGroup;
			children = (
				93D68F40284049FC00B158B3 /* DataController.swift */,
				93D68F6C2840FDD800B158B3 /* PhotoDownload.swift */,
			);
			path = Model;
			sourceTree = "<group>";
		};
		93D68F4228404A5E00B158B3 /* Util */ = {
			isa = PBXGroup;
			children = (
				93D68F4328404A7700B158B3 /* ShowError.swift */,
				93D68F4F2840CB7800B158B3 /* restore-map.swift */,
				93D68F7028410DF300B158B3 /* CropImage.swift */,
			);
			path = Util;
			sourceTree = "<group>";
		};
		93D68F4528404B7200B158B3 /* Classes */ = {
			isa = PBXGroup;
			children = (
				93D68F4628404B7C00B158B3 /* AnnotationWithLocation.swift */,
				93D68F6B2840F56200B158B3 /* PhotoAlbumCollectionViewCell */,
			);
			path = Classes;
			sourceTree = "<group>";
		};
		93D68F4A2840C58500B158B3 /* PhotoAlbumViewController */ = {
			isa = PBXGroup;
			children = (
				93D68F4B2840C5B000B158B3 /* PhotoAlbumViewController.swift */,
				93D68F5F2840D71700B158B3 /* PhotoAlbumViewController+Load.swift */,
				93D68F632840E07E00B158B3 /* PhotoAlbumViewController+CollectionView.swift */,
			);
			path = PhotoAlbumViewController;
			sourceTree = "<group>";
		};
		93D68F532840D69600B158B3 /* Networking */ = {
			isa = PBXGroup;
			children = (
				93D68F542840D6A000B158B3 /* flickr */,
			);
			path = Networking;
			sourceTree = "<group>";
		};
		93D68F542840D6A000B158B3 /* flickr */ = {
			isa = PBXGroup;
			children = (
				93D68F582840D6C600B158B3 /* FetchImage.swift */,
				93D68F552840D6C600B158B3 /* FlickrConfig.swift */,
				93D68F572840D6C600B158B3 /* GetInfoRespone.swift */,
				93D68F592840D6C600B158B3 /* Search.swift */,
				93D68F562840D6C600B158B3 /* SearchResponse.swift */,
				93D68F612840DD2D00B158B3 /* Photos.swift */,
			);
			path = flickr;
			sourceTree = "<group>";
		};
		93D68F6B2840F56200B158B3 /* PhotoAlbumCollectionViewCell */ = {
			isa = PBXGroup;
			children = (
				93D68F672840F55500B158B3 /* PhotoAlbumCollectionViewCell.swift */,
				93D68F682840F55500B158B3 /* PhotoAlbumCollectionViewCell.xib */,
			);
			path = PhotoAlbumCollectionViewCell;
			sourceTree = "<group>";
		};
		93D68F72284235B500B158B3 /* Entities */ = {
			isa = PBXGroup;
			children = (
				93D68F7C2842372A00B158B3 /* Card */,
				93D68F73284235C600B158B3 /* Location */,
			);
			path = Entities;
			sourceTree = "<group>";
		};
		93D68F73284235C600B158B3 /* Location */ = {
			isa = PBXGroup;
			children = (
				93D68F342840486600B158B3 /* Location+CoreDataClass.swift */,
				93D68F352840486600B158B3 /* Location+CoreDataProperties.swift */,
			);
			path = Location;
			sourceTree = "<group>";
		};
		93D68F7C2842372A00B158B3 /* Card */ = {
			isa = PBXGroup;
			children = (
				93D68F76284236E000B158B3 /* Card+CoreDataClass.swift */,
				93D68F77284236E000B158B3 /* Card+CoreDataProperties.swift */,
			);
			path = Card;
			sourceTree = "<group>";
		};
/* End PBXGroup section */

/* Begin PBXNativeTarget section */
		93D68F0528402DAA00B158B3 /* VirtualTourist-2 */ = {
			isa = PBXNativeTarget;
			buildConfigurationList = 93D68F1D28402DAB00B158B3 /* Build configuration list for PBXNativeTarget "VirtualTourist-2" */;
			buildPhases = (
				93D68F0228402DAA00B158B3 /* Sources */,
				93D68F0328402DAA00B158B3 /* Frameworks */,
				93D68F0428402DAA00B158B3 /* Resources */,
			);
			buildRules = (
			);
			dependencies = (
			);
			name = "VirtualTourist-2";
			packageProductDependencies = (
				93D68F2928403BB100B158B3 /* MKZoomLevel */,
				93D68F3D284049BE00B158B3 /* NanoID */,
			);
			productName = "VirtualTourist-2";
			productReference = 93D68F0628402DAA00B158B3 /* VirtualTourist-2.app */;
			productType = "com.apple.product-type.application";
		};
/* End PBXNativeTarget section */

/* Begin PBXProject section */
		93D68EFE28402DAA00B158B3 /* Project object */ = {
			isa = PBXProject;
			attributes = {
				BuildIndependentTargetsInParallel = 1;
				LastSwiftUpdateCheck = 1330;
				LastUpgradeCheck = 1330;
				TargetAttributes = {
					93D68F0528402DAA00B158B3 = {
						CreatedOnToolsVersion = 13.3.1;
					};
				};
			};
			buildConfigurationList = 93D68F0128402DAA00B158B3 /* Build configuration list for PBXProject "VirtualTourist-2" */;
			compatibilityVersion = "Xcode 13.0";
			developmentRegion = en;
			hasScannedForEncodings = 0;
			knownRegions = (
				en,
				Base,
			);
			mainGroup = 93D68EFD28402DAA00B158B3;
			packageReferences = (
				93D68F2828403BB100B158B3 /* XCRemoteSwiftPackageReference "MKZoomLevel" */,
				93D68F3C284049BE00B158B3 /* XCRemoteSwiftPackageReference "NanoID" */,
			);
			productRefGroup = 93D68F0728402DAA00B158B3 /* Products */;
			projectDirPath = "";
			projectRoot = "";
			targets = (
				93D68F0528402DAA00B158B3 /* VirtualTourist-2 */,
			);
		};
/* End PBXProject section */

/* Begin PBXResourcesBuildPhase section */
		93D68F0428402DAA00B158B3 /* Resources */ = {
			isa = PBXResourcesBuildPhase;
			buildActionMask = 2147483647;
			files = (
				93D68F1928402DAB00B158B3 /* LaunchScreen.storyboard in Resources */,
				93D68F1628402DAB00B158B3 /* Assets.xcassets in Resources */,
				93D68F6A2840F55500B158B3 /* PhotoAlbumCollectionViewCell.xib in Resources */,
				93D68F1128402DAA00B158B3 /* Main.storyboard in Resources */,
			);
			runOnlyForDeploymentPostprocessing = 0;
		};
/* End PBXResourcesBuildPhase section */

/* Begin PBXSourcesBuildPhase section */
		93D68F0228402DAA00B158B3 /* Sources */ = {
			isa = PBXSourcesBuildPhase;
			buildActionMask = 2147483647;
			files = (
				93D68F5B2840D6C600B158B3 /* SearchResponse.swift in Sources */,
				93D68F4E2840C6AE00B158B3 /* MapViewController+Utilities.swift in Sources */,
				93D68F372840486600B158B3 /* Location+CoreDataProperties.swift in Sources */,
				93D68F5A2840D6C600B158B3 /* FlickrConfig.swift in Sources */,
				93D68F4428404A7700B158B3 /* ShowError.swift in Sources */,
				93D68F362840486600B158B3 /* Location+CoreDataClass.swift in Sources */,
				93D68F0E28402DAA00B158B3 /* MapViewController.swift in Sources */,
				93D68F3B2840495F00B158B3 /* MapViewController+ViewModel.swift in Sources */,
				93D68F272840353D00B158B3 /* Keys.swift in Sources */,
				93D68F602840D71700B158B3 /* PhotoAlbumViewController+Load.swift in Sources */,
				93D68F4728404B7C00B158B3 /* AnnotationWithLocation.swift in Sources */,
				93D68F6F28410D7F00B158B3 /* Constants.swift in Sources */,
				93D68F41284049FC00B158B3 /* DataController.swift in Sources */,
				93D68F622840DD2D00B158B3 /* Photos.swift in Sources */,
				93D68F7128410DF300B158B3 /* CropImage.swift in Sources */,
				93D68F6D2840FDD800B158B3 /* PhotoDownload.swift in Sources */,
				93D68F5E2840D6C600B158B3 /* Search.swift in Sources */,
				93D68F7A284236E000B158B3 /* Card+CoreDataClass.swift in Sources */,
				93D68F5C2840D6C600B158B3 /* GetInfoRespone.swift in Sources */,
				93D68F4C2840C5B000B158B3 /* PhotoAlbumViewController.swift in Sources */,
				93D68F23284031C900B158B3 /* MapViewController+MapViewDelegate.swift in Sources */,
				93D68F5D2840D6C600B158B3 /* FetchImage.swift in Sources */,
				93D68F0A28402DAA00B158B3 /* AppDelegate.swift in Sources */,
				93D68F0C28402DAA00B158B3 /* SceneDelegate.swift in Sources */,
				93D68F642840E07E00B158B3 /* PhotoAlbumViewController+CollectionView.swift in Sources */,
				93D68F39284048FF00B158B3 /* MapViewController+Gestures.swift in Sources */,
				93D68F7B284236E000B158B3 /* Card+CoreDataProperties.swift in Sources */,
				93D68F1428402DAA00B158B3 /* VirtualTourist_2.xcdatamodeld in Sources */,
				93D68F502840CB7800B158B3 /* restore-map.swift in Sources */,
				93D68F492840C4BA00B158B3 /* MapViewController+CoreData+Notifications.swift in Sources */,
				93D68F692840F55500B158B3 /* PhotoAlbumCollectionViewCell.swift in Sources */,
			);
			runOnlyForDeploymentPostprocessing = 0;
		};
/* End PBXSourcesBuildPhase section */

/* Begin PBXVariantGroup section */
		93D68F0F28402DAA00B158B3 /* Main.storyboard */ = {
			isa = PBXVariantGroup;
			children = (
				93D68F1028402DAA00B158B3 /* Base */,
			);
			name = Main.storyboard;
			sourceTree = "<group>";
		};
		93D68F1728402DAB00B158B3 /* LaunchScreen.storyboard */ = {
			isa = PBXVariantGroup;
			children = (
				93D68F1828402DAB00B158B3 /* Base */,
			);
			name = LaunchScreen.storyboard;
			sourceTree = "<group>";
		};
/* End PBXVariantGroup section */

/* Begin XCBuildConfiguration section */
		93D68F1B28402DAB00B158B3 /* Debug */ = {
			isa = XCBuildConfiguration;
			buildSettings = {
				ALWAYS_SEARCH_USER_PATHS = NO;
				CLANG_ANALYZER_NONNULL = YES;
				CLANG_ANALYZER_NUMBER_OBJECT_CONVERSION = YES_AGGRESSIVE;
				CLANG_CXX_LANGUAGE_STANDARD = "gnu++17";
				CLANG_ENABLE_MODULES = YES;
				CLANG_ENABLE_OBJC_ARC = YES;
				CLANG_ENABLE_OBJC_WEAK = YES;
				CLANG_WARN_BLOCK_CAPTURE_AUTORELEASING = YES;
				CLANG_WARN_BOOL_CONVERSION = YES;
				CLANG_WARN_COMMA = YES;
				CLANG_WARN_CONSTANT_CONVERSION = YES;
				CLANG_WARN_DEPRECATED_OBJC_IMPLEMENTATIONS = YES;
				CLANG_WARN_DIRECT_OBJC_ISA_USAGE = YES_ERROR;
				CLANG_WARN_DOCUMENTATION_COMMENTS = YES;
				CLANG_WARN_EMPTY_BODY = YES;
				CLANG_WARN_ENUM_CONVERSION = YES;
				CLANG_WARN_INFINITE_RECURSION = YES;
				CLANG_WARN_INT_CONVERSION = YES;
				CLANG_WARN_NON_LITERAL_NULL_CONVERSION = YES;
				CLANG_WARN_OBJC_IMPLICIT_RETAIN_SELF = YES;
				CLANG_WARN_OBJC_LITERAL_CONVERSION = YES;
				CLANG_WARN_OBJC_ROOT_CLASS = YES_ERROR;
				CLANG_WARN_QUOTED_INCLUDE_IN_FRAMEWORK_HEADER = YES;
				CLANG_WARN_RANGE_LOOP_ANALYSIS = YES;
				CLANG_WARN_STRICT_PROTOTYPES = YES;
				CLANG_WARN_SUSPICIOUS_MOVE = YES;
				CLANG_WARN_UNGUARDED_AVAILABILITY = YES_AGGRESSIVE;
				CLANG_WARN_UNREACHABLE_CODE = YES;
				CLANG_WARN__DUPLICATE_METHOD_MATCH = YES;
				COPY_PHASE_STRIP = NO;
				DEBUG_INFORMATION_FORMAT = dwarf;
				ENABLE_STRICT_OBJC_MSGSEND = YES;
				ENABLE_TESTABILITY = YES;
				GCC_C_LANGUAGE_STANDARD = gnu11;
				GCC_DYNAMIC_NO_PIC = NO;
				GCC_NO_COMMON_BLOCKS = YES;
				GCC_OPTIMIZATION_LEVEL = 0;
				GCC_PREPROCESSOR_DEFINITIONS = (
					"DEBUG=1",
					"$(inherited)",
				);
				GCC_WARN_64_TO_32_BIT_CONVERSION = YES;
				GCC_WARN_ABOUT_RETURN_TYPE = YES_ERROR;
				GCC_WARN_UNDECLARED_SELECTOR = YES;
				GCC_WARN_UNINITIALIZED_AUTOS = YES_AGGRESSIVE;
				GCC_WARN_UNUSED_FUNCTION = YES;
				GCC_WARN_UNUSED_VARIABLE = YES;
				IPHONEOS_DEPLOYMENT_TARGET = 15.4;
				MTL_ENABLE_DEBUG_INFO = INCLUDE_SOURCE;
				MTL_FAST_MATH = YES;
				ONLY_ACTIVE_ARCH = YES;
				SDKROOT = iphoneos;
				SWIFT_ACTIVE_COMPILATION_CONDITIONS = DEBUG;
				SWIFT_OPTIMIZATION_LEVEL = "-Onone";
			};
			name = Debug;
		};
		93D68F1C28402DAB00B158B3 /* Release */ = {
			isa = XCBuildConfiguration;
			buildSettings = {
				ALWAYS_SEARCH_USER_PATHS = NO;
				CLANG_ANALYZER_NONNULL = YES;
				CLANG_ANALYZER_NUMBER_OBJECT_CONVERSION = YES_AGGRESSIVE;
				CLANG_CXX_LANGUAGE_STANDARD = "gnu++17";
				CLANG_ENABLE_MODULES = YES;
				CLANG_ENABLE_OBJC_ARC = YES;
				CLANG_ENABLE_OBJC_WEAK = YES;
				CLANG_WARN_BLOCK_CAPTURE_AUTORELEASING = YES;
				CLANG_WARN_BOOL_CONVERSION = YES;
				CLANG_WARN_COMMA = YES;
				CLANG_WARN_CONSTANT_CONVERSION = YES;
				CLANG_WARN_DEPRECATED_OBJC_IMPLEMENTATIONS = YES;
				CLANG_WARN_DIRECT_OBJC_ISA_USAGE = YES_ERROR;
				CLANG_WARN_DOCUMENTATION_COMMENTS = YES;
				CLANG_WARN_EMPTY_BODY = YES;
				CLANG_WARN_ENUM_CONVERSION = YES;
				CLANG_WARN_INFINITE_RECURSION = YES;
				CLANG_WARN_INT_CONVERSION = YES;
				CLANG_WARN_NON_LITERAL_NULL_CONVERSION = YES;
				CLANG_WARN_OBJC_IMPLICIT_RETAIN_SELF = YES;
				CLANG_WARN_OBJC_LITERAL_CONVERSION = YES;
				CLANG_WARN_OBJC_ROOT_CLASS = YES_ERROR;
				CLANG_WARN_QUOTED_INCLUDE_IN_FRAMEWORK_HEADER = YES;
				CLANG_WARN_RANGE_LOOP_ANALYSIS = YES;
				CLANG_WARN_STRICT_PROTOTYPES = YES;
				CLANG_WARN_SUSPICIOUS_MOVE = YES;
				CLANG_WARN_UNGUARDED_AVAILABILITY = YES_AGGRESSIVE;
				CLANG_WARN_UNREACHABLE_CODE = YES;
				CLANG_WARN__DUPLICATE_METHOD_MATCH = YES;
				COPY_PHASE_STRIP = NO;
				DEBUG_INFORMATION_FORMAT = "dwarf-with-dsym";
				ENABLE_NS_ASSERTIONS = NO;
				ENABLE_STRICT_OBJC_MSGSEND = YES;
				GCC_C_LANGUAGE_STANDARD = gnu11;
				GCC_NO_COMMON_BLOCKS = YES;
				GCC_WARN_64_TO_32_BIT_CONVERSION = YES;
				GCC_WARN_ABOUT_RETURN_TYPE = YES_ERROR;
				GCC_WARN_UNDECLARED_SELECTOR = YES;
				GCC_WARN_UNINITIALIZED_AUTOS = YES_AGGRESSIVE;
				GCC_WARN_UNUSED_FUNCTION = YES;
				GCC_WARN_UNUSED_VARIABLE = YES;
				IPHONEOS_DEPLOYMENT_TARGET = 15.4;
				MTL_ENABLE_DEBUG_INFO = NO;
				MTL_FAST_MATH = YES;
				SDKROOT = iphoneos;
				SWIFT_COMPILATION_MODE = wholemodule;
				SWIFT_OPTIMIZATION_LEVEL = "-O";
				VALIDATE_PRODUCT = YES;
			};
			name = Release;
		};
		93D68F1E28402DAB00B158B3 /* Debug */ = {
			isa = XCBuildConfiguration;
			buildSettings = {
				ASSETCATALOG_COMPILER_APPICON_NAME = AppIcon;
				ASSETCATALOG_COMPILER_GLOBAL_ACCENT_COLOR_NAME = AccentColor;
				CODE_SIGN_STYLE = Automatic;
				CURRENT_PROJECT_VERSION = 1;
				GENERATE_INFOPLIST_FILE = YES;
				INFOPLIST_FILE = "VirtualTourist-2/Info.plist";
				INFOPLIST_KEY_UIApplicationSupportsIndirectInputEvents = YES;
				INFOPLIST_KEY_UILaunchStoryboardName = LaunchScreen;
				INFOPLIST_KEY_UIMainStoryboardFile = Main;
				INFOPLIST_KEY_UISupportedInterfaceOrientations_iPad = "UIInterfaceOrientationPortrait UIInterfaceOrientationPortraitUpsideDown UIInterfaceOrientationLandscapeLeft UIInterfaceOrientationLandscapeRight";
				INFOPLIST_KEY_UISupportedInterfaceOrientations_iPhone = "UIInterfaceOrientationPortrait UIInterfaceOrientationLandscapeLeft UIInterfaceOrientationLandscapeRight";
				LD_RUNPATH_SEARCH_PATHS = (
					"$(inherited)",
					"@executable_path/Frameworks",
				);
				MARKETING_VERSION = 1.0;
				PRODUCT_BUNDLE_IDENTIFIER = "com.pickla.VirtualTourist-2";
				PRODUCT_NAME = "$(TARGET_NAME)";
				SWIFT_EMIT_LOC_STRINGS = YES;
				SWIFT_VERSION = 5.0;
				TARGETED_DEVICE_FAMILY = "1,2";
			};
			name = Debug;
		};
		93D68F1F28402DAB00B158B3 /* Release */ = {
			isa = XCBuildConfiguration;
			buildSettings = {
				ASSETCATALOG_COMPILER_APPICON_NAME = AppIcon;
				ASSETCATALOG_COMPILER_GLOBAL_ACCENT_COLOR_NAME = AccentColor;
				CODE_SIGN_STYLE = Automatic;
				CURRENT_PROJECT_VERSION = 1;
				GENERATE_INFOPLIST_FILE = YES;
				INFOPLIST_FILE = "VirtualTourist-2/Info.plist";
				INFOPLIST_KEY_UIApplicationSupportsIndirectInputEvents = YES;
				INFOPLIST_KEY_UILaunchStoryboardName = LaunchScreen;
				INFOPLIST_KEY_UIMainStoryboardFile = Main;
				INFOPLIST_KEY_UISupportedInterfaceOrientations_iPad = "UIInterfaceOrientationPortrait UIInterfaceOrientationPortraitUpsideDown UIInterfaceOrientationLandscapeLeft UIInterfaceOrientationLandscapeRight";
				INFOPLIST_KEY_UISupportedInterfaceOrientations_iPhone = "UIInterfaceOrientationPortrait UIInterfaceOrientationLandscapeLeft UIInterfaceOrientationLandscapeRight";
				LD_RUNPATH_SEARCH_PATHS = (
					"$(inherited)",
					"@executable_path/Frameworks",
				);
				MARKETING_VERSION = 1.0;
				PRODUCT_BUNDLE_IDENTIFIER = "com.pickla.VirtualTourist-2";
				PRODUCT_NAME = "$(TARGET_NAME)";
				SWIFT_EMIT_LOC_STRINGS = YES;
				SWIFT_VERSION = 5.0;
				TARGETED_DEVICE_FAMILY = "1,2";
			};
			name = Release;
		};
/* End XCBuildConfiguration section */

/* Begin XCConfigurationList section */
		93D68F0128402DAA00B158B3 /* Build configuration list for PBXProject "VirtualTourist-2" */ = {
			isa = XCConfigurationList;
			buildConfigurations = (
				93D68F1B28402DAB00B158B3 /* Debug */,
				93D68F1C28402DAB00B158B3 /* Release */,
			);
			defaultConfigurationIsVisible = 0;
			defaultConfigurationName = Release;
		};
		93D68F1D28402DAB00B158B3 /* Build configuration list for PBXNativeTarget "VirtualTourist-2" */ = {
			isa = XCConfigurationList;
			buildConfigurations = (
				93D68F1E28402DAB00B158B3 /* Debug */,
				93D68F1F28402DAB00B158B3 /* Release */,
			);
			defaultConfigurationIsVisible = 0;
			defaultConfigurationName = Release;
		};
/* End XCConfigurationList section */

/* Begin XCRemoteSwiftPackageReference section */
		93D68F2828403BB100B158B3 /* XCRemoteSwiftPackageReference "MKZoomLevel" */ = {
			isa = XCRemoteSwiftPackageReference;
			repositoryURL = "https://github.com/stleamist/MKZoomLevel.git";
			requirement = {
				branch = main;
				kind = branch;
			};
		};
		93D68F3C284049BE00B158B3 /* XCRemoteSwiftPackageReference "NanoID" */ = {
			isa = XCRemoteSwiftPackageReference;
			repositoryURL = "https://github.com/ellliott/NanoID.git";
			requirement = {
				branch = master;
				kind = branch;
			};
		};
/* End XCRemoteSwiftPackageReference section */

/* Begin XCSwiftPackageProductDependency section */
		93D68F2928403BB100B158B3 /* MKZoomLevel */ = {
			isa = XCSwiftPackageProductDependency;
			package = 93D68F2828403BB100B158B3 /* XCRemoteSwiftPackageReference "MKZoomLevel" */;
			productName = MKZoomLevel;
		};
		93D68F3D284049BE00B158B3 /* NanoID */ = {
			isa = XCSwiftPackageProductDependency;
			package = 93D68F3C284049BE00B158B3 /* XCRemoteSwiftPackageReference "NanoID" */;
			productName = NanoID;
		};
/* End XCSwiftPackageProductDependency section */

/* Begin XCVersionGroup section */
		93D68F1228402DAA00B158B3 /* VirtualTourist_2.xcdatamodeld */ = {
			isa = XCVersionGroup;
			children = (
				93D68F1328402DAA00B158B3 /* VirtualTourist_2.xcdatamodel */,
			);
			currentVersion = 93D68F1328402DAA00B158B3 /* VirtualTourist_2.xcdatamodel */;
			path = VirtualTourist_2.xcdatamodeld;
			sourceTree = "<group>";
			versionGroupType = wrapper.xcdatamodel;
		};
/* End XCVersionGroup section */
	};
	rootObject = 93D68EFE28402DAA00B158B3 /* Project object */;
}
